dependencies:
- name: youness-common
  repository: file://../../youness-common
  version: 0.1.0
- name: configserver
  repository: file://../../youness-services/configserver
  version: 0.1.0
- name: accounts
  repository: file://../../youness-services/accounts
  version: 0.1.0
- name: cards
  repository: file://../../youness-services/cards
  version: 0.1.0
- name: loans
  repository: file://../../youness-services/loans
  version: 0.1.0
- name: gatewayserver
  repository: file://../../youness-services/gatewayserver
  version: 0.1.0
- name: message
  repository: file://../../youness-services/message
  version: 0.1.0
digest: sha256:77b6415bee50e38785f07ecfcabdefbee779f015dec4e0c9a99129cdbcb94e82
generated: "2024-09-11T19:35:43.6213597+02:00"
